// !$*UTF8*$!
{
	archiveVersion = 1;
	classes = {
	};
	objectVersion = 46;
	objects = {

/* Begin PBXBuildFile section */
		38427BDF19C606B9005333C0 /* Foundation.framework in Frameworks */ = {isa = PBXBuildFile; fileRef = 38427BDE19C606B9005333C0 /* Foundation.framework */; };
		38427BE119C606B9005333C0 /* CoreGraphics.framework in Frameworks */ = {isa = PBXBuildFile; fileRef = 38427BE019C606B9005333C0 /* CoreGraphics.framework */; };
		38427BE319C606B9005333C0 /* UIKit.framework in Frameworks */ = {isa = PBXBuildFile; fileRef = 38427BE219C606B9005333C0 /* UIKit.framework */; };
		38427BE919C606B9005333C0 /* InfoPlist.strings in Resources */ = {isa = PBXBuildFile; fileRef = 38427BE719C606B9005333C0 /* InfoPlist.strings */; };
		38427BEB19C606B9005333C0 /* main.m in Sources */ = {isa = PBXBuildFile; fileRef = 38427BEA19C606B9005333C0 /* main.m */; };
		38427BEF19C606B9005333C0 /* RecipeAppDelegate.m in Sources */ = {isa = PBXBuildFile; fileRef = 38427BEE19C606B9005333C0 /* RecipeAppDelegate.m */; };
		38427BF219C606B9005333C0 /* Main_iPhone.storyboard in Resources */ = {isa = PBXBuildFile; fileRef = 38427BF019C606B9005333C0 /* Main_iPhone.storyboard */; };
		38427BF519C606B9005333C0 /* Main_iPad.storyboard in Resources */ = {isa = PBXBuildFile; fileRef = 38427BF319C606B9005333C0 /* Main_iPad.storyboard */; };
		38427BF819C606B9005333C0 /* RecipeMasterViewController.m in Sources */ = {isa = PBXBuildFile; fileRef = 38427BF719C606B9005333C0 /* RecipeMasterViewController.m */; };
		38427BFB19C606B9005333C0 /* RecipeDetailViewController.m in Sources */ = {isa = PBXBuildFile; fileRef = 38427BFA19C606B9005333C0 /* RecipeDetailViewController.m */; };
		38427BFD19C606B9005333C0 /* Images.xcassets in Resources */ = {isa = PBXBuildFile; fileRef = 38427BFC19C606B9005333C0 /* Images.xcassets */; };
		38427C0419C606B9005333C0 /* XCTest.framework in Frameworks */ = {isa = PBXBuildFile; fileRef = 38427C0319C606B9005333C0 /* XCTest.framework */; };
		38427C0519C606B9005333C0 /* Foundation.framework in Frameworks */ = {isa = PBXBuildFile; fileRef = 38427BDE19C606B9005333C0 /* Foundation.framework */; };
		38427C0619C606B9005333C0 /* UIKit.framework in Frameworks */ = {isa = PBXBuildFile; fileRef = 38427BE219C606B9005333C0 /* UIKit.framework */; };
		38427C0E19C606B9005333C0 /* InfoPlist.strings in Resources */ = {isa = PBXBuildFile; fileRef = 38427C0C19C606B9005333C0 /* InfoPlist.strings */; };
		38427C1019C606B9005333C0 /* RecipeBookTests.m in Sources */ = {isa = PBXBuildFile; fileRef = 38427C0F19C606B9005333C0 /* RecipeBookTests.m */; };
		38427C1B19C606F0005333C0 /* Recipe.m in Sources */ = {isa = PBXBuildFile; fileRef = 38427C1A19C606F0005333C0 /* Recipe.m */; };
		38427C2E19C607B4005333C0 /* angry_birds_cake.jpg in Resources */ = {isa = PBXBuildFile; fileRef = 38427C1C19C607B3005333C0 /* angry_birds_cake.jpg */; };
		38427C2F19C607B4005333C0 /* creme_brelee.jpg in Resources */ = {isa = PBXBuildFile; fileRef = 38427C1D19C607B3005333C0 /* creme_brelee.jpg */; };
		38427C3019C607B4005333C0 /* egg_benedict.jpg in Resources */ = {isa = PBXBuildFile; fileRef = 38427C1E19C607B3005333C0 /* egg_benedict.jpg */; };
		38427C3119C607B4005333C0 /* full_breakfast.jpg in Resources */ = {isa = PBXBuildFile; fileRef = 38427C1F19C607B4005333C0 /* full_breakfast.jpg */; };
		38427C3219C607B4005333C0 /* green_tea.jpg in Resources */ = {isa = PBXBuildFile; fileRef = 38427C2019C607B4005333C0 /* green_tea.jpg */; };
		38427C3319C607B4005333C0 /* ham_and_cheese_panini.jpg in Resources */ = {isa = PBXBuildFile; fileRef = 38427C2119C607B4005333C0 /* ham_and_cheese_panini.jpg */; };
		38427C3419C607B4005333C0 /* ham_and_egg_sandwich.jpg in Resources */ = {isa = PBXBuildFile; fileRef = 38427C2219C607B4005333C0 /* ham_and_egg_sandwich.jpg */; };
		38427C3519C607B4005333C0 /* hamburger.jpg in Resources */ = {isa = PBXBuildFile; fileRef = 38427C2319C607B4005333C0 /* hamburger.jpg */; };
		38427C3619C607B4005333C0 /* instant_noodle_with_egg.jpg in Resources */ = {isa = PBXBuildFile; fileRef = 38427C2419C607B4005333C0 /* instant_noodle_with_egg.jpg */; };
		38427C3719C607B4005333C0 /* japanese_noodle_with_pork.jpg in Resources */ = {isa = PBXBuildFile; fileRef = 38427C2519C607B4005333C0 /* japanese_noodle_with_pork.jpg */; };
		38427C3819C607B4005333C0 /* mushroom_risotto.jpg in Resources */ = {isa = PBXBuildFile; fileRef = 38427C2619C607B4005333C0 /* mushroom_risotto.jpg */; };
		38427C3919C607B4005333C0 /* noodle_with_bbq_pork.jpg in Resources */ = {isa = PBXBuildFile; fileRef = 38427C2719C607B4005333C0 /* noodle_with_bbq_pork.jpg */; };
		38427C3A19C607B4005333C0 /* photo-frame.png in Resources */ = {isa = PBXBuildFile; fileRef = 38427C2819C607B4005333C0 /* photo-frame.png */; };
		38427C3B19C607B4005333C0 /* photo-frame@2x.png in Resources */ = {isa = PBXBuildFile; fileRef = 38427C2919C607B4005333C0 /* photo-frame@2x.png */; };
		38427C3C19C607B4005333C0 /* starbucks_coffee.jpg in Resources */ = {isa = PBXBuildFile; fileRef = 38427C2A19C607B4005333C0 /* starbucks_coffee.jpg */; };
		38427C3D19C607B4005333C0 /* thai_shrimp_cake.jpg in Resources */ = {isa = PBXBuildFile; fileRef = 38427C2B19C607B4005333C0 /* thai_shrimp_cake.jpg */; };
		38427C3E19C607B4005333C0 /* vegetable_curry.jpg in Resources */ = {isa = PBXBuildFile; fileRef = 38427C2C19C607B4005333C0 /* vegetable_curry.jpg */; };
		38427C3F19C607B4005333C0 /* white_chocolate_donut.jpg in Resources */ = {isa = PBXBuildFile; fileRef = 38427C2D19C607B4005333C0 /* white_chocolate_donut.jpg */; };
		38427C4319C6D634005333C0 /* photo1.png in Resources */ = {isa = PBXBuildFile; fileRef = 38427C4219C6D634005333C0 /* photo1.png */; };
/* End PBXBuildFile section */

/* Begin PBXContainerItemProxy section */
		38427C0719C606B9005333C0 /* PBXContainerItemProxy */ = {
			isa = PBXContainerItemProxy;
			containerPortal = 38427BD319C606B9005333C0 /* Project object */;
			proxyType = 1;
			remoteGlobalIDString = 38427BDA19C606B9005333C0;
			remoteInfo = RecipeBook;
		};
/* End PBXContainerItemProxy section */

/* Begin PBXFileReference section */
		38427BDB19C606B9005333C0 /* RecipeBook.app */ = {isa = PBXFileReference; explicitFileType = wrapper.application; includeInIndex = 0; path = RecipeBook.app; sourceTree = BUILT_PRODUCTS_DIR; };
		38427BDE19C606B9005333C0 /* Foundation.framework */ = {isa = PBXFileReference; lastKnownFileType = wrapper.framework; name = Foundation.framework; path = System/Library/Frameworks/Foundation.framework; sourceTree = SDKROOT; };
		38427BE019C606B9005333C0 /* CoreGraphics.framework */ = {isa = PBXFileReference; lastKnownFileType = wrapper.framework; name = CoreGraphics.framework; path = System/Library/Frameworks/CoreGraphics.framework; sourceTree = SDKROOT; };
		38427BE219C606B9005333C0 /* UIKit.framework */ = {isa = PBXFileReference; lastKnownFileType = wrapper.framework; name = UIKit.framework; path = System/Library/Frameworks/UIKit.framework; sourceTree = SDKROOT; };
		38427BE619C606B9005333C0 /* RecipeBook-Info.plist */ = {isa = PBXFileReference; lastKnownFileType = text.plist.xml; path = "RecipeBook-Info.plist"; sourceTree = "<group>"; };
		38427BE819C606B9005333C0 /* en */ = {isa = PBXFileReference; lastKnownFileType = text.plist.strings; name = en; path = en.lproj/InfoPlist.strings; sourceTree = "<group>"; };
		38427BEA19C606B9005333C0 /* main.m */ = {isa = PBXFileReference; lastKnownFileType = sourcecode.c.objc; path = main.m; sourceTree = "<group>"; };
		38427BEC19C606B9005333C0 /* RecipeBook-Prefix.pch */ = {isa = PBXFileReference; lastKnownFileType = sourcecode.c.h; path = "RecipeBook-Prefix.pch"; sourceTree = "<group>"; };
		38427BED19C606B9005333C0 /* RecipeAppDelegate.h */ = {isa = PBXFileReference; lastKnownFileType = sourcecode.c.h; path = RecipeAppDelegate.h; sourceTree = "<group>"; };
		38427BEE19C606B9005333C0 /* RecipeAppDelegate.m */ = {isa = PBXFileReference; lastKnownFileType = sourcecode.c.objc; path = RecipeAppDelegate.m; sourceTree = "<group>"; };
		38427BF119C606B9005333C0 /* Base */ = {isa = PBXFileReference; lastKnownFileType = file.storyboard; name = Base; path = Base.lproj/Main_iPhone.storyboard; sourceTree = "<group>"; };
		38427BF419C606B9005333C0 /* Base */ = {isa = PBXFileReference; lastKnownFileType = file.storyboard; name = Base; path = Base.lproj/Main_iPad.storyboard; sourceTree = "<group>"; };
		38427BF619C606B9005333C0 /* RecipeMasterViewController.h */ = {isa = PBXFileReference; lastKnownFileType = sourcecode.c.h; path = RecipeMasterViewController.h; sourceTree = "<group>"; };
		38427BF719C606B9005333C0 /* RecipeMasterViewController.m */ = {isa = PBXFileReference; lastKnownFileType = sourcecode.c.objc; path = RecipeMasterViewController.m; sourceTree = "<group>"; };
		38427BF919C606B9005333C0 /* RecipeDetailViewController.h */ = {isa = PBXFileReference; lastKnownFileType = sourcecode.c.h; path = RecipeDetailViewController.h; sourceTree = "<group>"; };
		38427BFA19C606B9005333C0 /* RecipeDetailViewController.m */ = {isa = PBXFileReference; lastKnownFileType = sourcecode.c.objc; path = RecipeDetailViewController.m; sourceTree = "<group>"; };
		38427BFC19C606B9005333C0 /* Images.xcassets */ = {isa = PBXFileReference; lastKnownFileType = folder.assetcatalog; path = Images.xcassets; sourceTree = "<group>"; };
		38427C0219C606B9005333C0 /* RecipeBookTests.xctest */ = {isa = PBXFileReference; explicitFileType = wrapper.cfbundle; includeInIndex = 0; path = RecipeBookTests.xctest; sourceTree = BUILT_PRODUCTS_DIR; };
		38427C0319C606B9005333C0 /* XCTest.framework */ = {isa = PBXFileReference; lastKnownFileType = wrapper.framework; name = XCTest.framework; path = Library/Frameworks/XCTest.framework; sourceTree = DEVELOPER_DIR; };
		38427C0B19C606B9005333C0 /* RecipeBookTests-Info.plist */ = {isa = PBXFileReference; lastKnownFileType = text.plist.xml; path = "RecipeBookTests-Info.plist"; sourceTree = "<group>"; };
		38427C0D19C606B9005333C0 /* en */ = {isa = PBXFileReference; lastKnownFileType = text.plist.strings; name = en; path = en.lproj/InfoPlist.strings; sourceTree = "<group>"; };
		38427C0F19C606B9005333C0 /* RecipeBookTests.m */ = {isa = PBXFileReference; lastKnownFileType = sourcecode.c.objc; path = RecipeBookTests.m; sourceTree = "<group>"; };
		38427C1919C606F0005333C0 /* Recipe.h */ = {isa = PBXFileReference; fileEncoding = 4; lastKnownFileType = sourcecode.c.h; path = Recipe.h; sourceTree = "<group>"; };
		38427C1A19C606F0005333C0 /* Recipe.m */ = {isa = PBXFileReference; fileEncoding = 4; lastKnownFileType = sourcecode.c.objc; path = Recipe.m; sourceTree = "<group>"; };
		38427C1C19C607B3005333C0 /* angry_birds_cake.jpg */ = {isa = PBXFileReference; lastKnownFileType = image.jpeg; path = angry_birds_cake.jpg; sourceTree = "<group>"; };
		38427C1D19C607B3005333C0 /* creme_brelee.jpg */ = {isa = PBXFileReference; lastKnownFileType = image.jpeg; path = creme_brelee.jpg; sourceTree = "<group>"; };
		38427C1E19C607B3005333C0 /* egg_benedict.jpg */ = {isa = PBXFileReference; lastKnownFileType = image.jpeg; path = egg_benedict.jpg; sourceTree = "<group>"; };
		38427C1F19C607B4005333C0 /* full_breakfast.jpg */ = {isa = PBXFileReference; lastKnownFileType = image.jpeg; path = full_breakfast.jpg; sourceTree = "<group>"; };
		38427C2019C607B4005333C0 /* green_tea.jpg */ = {isa = PBXFileReference; lastKnownFileType = image.jpeg; path = green_tea.jpg; sourceTree = "<group>"; };
		38427C2119C607B4005333C0 /* ham_and_cheese_panini.jpg */ = {isa = PBXFileReference; lastKnownFileType = image.jpeg; path = ham_and_cheese_panini.jpg; sourceTree = "<group>"; };
		38427C2219C607B4005333C0 /* ham_and_egg_sandwich.jpg */ = {isa = PBXFileReference; lastKnownFileType = image.jpeg; path = ham_and_egg_sandwich.jpg; sourceTree = "<group>"; };
		38427C2319C607B4005333C0 /* hamburger.jpg */ = {isa = PBXFileReference; lastKnownFileType = image.jpeg; path = hamburger.jpg; sourceTree = "<group>"; };
		38427C2419C607B4005333C0 /* instant_noodle_with_egg.jpg */ = {isa = PBXFileReference; lastKnownFileType = image.jpeg; path = instant_noodle_with_egg.jpg; sourceTree = "<group>"; };
		38427C2519C607B4005333C0 /* japanese_noodle_with_pork.jpg */ = {isa = PBXFileReference; lastKnownFileType = image.jpeg; path = japanese_noodle_with_pork.jpg; sourceTree = "<group>"; };
		38427C2619C607B4005333C0 /* mushroom_risotto.jpg */ = {isa = PBXFileReference; lastKnownFileType = image.jpeg; path = mushroom_risotto.jpg; sourceTree = "<group>"; };
		38427C2719C607B4005333C0 /* noodle_with_bbq_pork.jpg */ = {isa = PBXFileReference; lastKnownFileType = image.jpeg; path = noodle_with_bbq_pork.jpg; sourceTree = "<group>"; };
		38427C2819C607B4005333C0 /* photo-frame.png */ = {isa = PBXFileReference; lastKnownFileType = image.png; path = "photo-frame.png"; sourceTree = "<group>"; };
		38427C2919C607B4005333C0 /* photo-frame@2x.png */ = {isa = PBXFileReference; lastKnownFileType = image.png; path = "photo-frame@2x.png"; sourceTree = "<group>"; };
		38427C2A19C607B4005333C0 /* starbucks_coffee.jpg */ = {isa = PBXFileReference; lastKnownFileType = image.jpeg; path = starbucks_coffee.jpg; sourceTree = "<group>"; };
		38427C2B19C607B4005333C0 /* thai_shrimp_cake.jpg */ = {isa = PBXFileReference; lastKnownFileType = image.jpeg; path = thai_shrimp_cake.jpg; sourceTree = "<group>"; };
		38427C2C19C607B4005333C0 /* vegetable_curry.jpg */ = {isa = PBXFileReference; lastKnownFileType = image.jpeg; path = vegetable_curry.jpg; sourceTree = "<group>"; };
		38427C2D19C607B4005333C0 /* white_chocolate_donut.jpg */ = {isa = PBXFileReference; lastKnownFileType = image.jpeg; path = white_chocolate_donut.jpg; sourceTree = "<group>"; };
		38427C4219C6D634005333C0 /* photo1.png */ = {isa = PBXFileReference; lastKnownFileType = image.png; path = photo1.png; sourceTree = "<group>"; };
/* End PBXFileReference section */

/* Begin PBXFrameworksBuildPhase section */
		38427BD819C606B9005333C0 /* Frameworks */ = {
			isa = PBXFrameworksBuildPhase;
			buildActionMask = 2147483647;
			files = (
				38427BE119C606B9005333C0 /* CoreGraphics.framework in Frameworks */,
				38427BE319C606B9005333C0 /* UIKit.framework in Frameworks */,
				38427BDF19C606B9005333C0 /* Foundation.framework in Frameworks */,
			);
			runOnlyForDeploymentPostprocessing = 0;
		};
		38427BFF19C606B9005333C0 /* Frameworks */ = {
			isa = PBXFrameworksBuildPhase;
			buildActionMask = 2147483647;
			files = (
				38427C0419C606B9005333C0 /* XCTest.framework in Frameworks */,
				38427C0619C606B9005333C0 /* UIKit.framework in Frameworks */,
				38427C0519C606B9005333C0 /* Foundation.framework in Frameworks */,
			);
			runOnlyForDeploymentPostprocessing = 0;
		};
/* End PBXFrameworksBuildPhase section */

/* Begin PBXGroup section */
		38427BD219C606B9005333C0 = {
			isa = PBXGroup;
			children = (
				38427BE419C606B9005333C0 /* RecipeBook */,
				38427C0919C606B9005333C0 /* RecipeBookTests */,
				38427BDD19C606B9005333C0 /* Frameworks */,
				38427BDC19C606B9005333C0 /* Products */,
			);
			sourceTree = "<group>";
		};
		38427BDC19C606B9005333C0 /* Products */ = {
			isa = PBXGroup;
			children = (
				38427BDB19C606B9005333C0 /* RecipeBook.app */,
				38427C0219C606B9005333C0 /* RecipeBookTests.xctest */,
			);
			name = Products;
			sourceTree = "<group>";
		};
		38427BDD19C606B9005333C0 /* Frameworks */ = {
			isa = PBXGroup;
			children = (
				38427BDE19C606B9005333C0 /* Foundation.framework */,
				38427BE019C606B9005333C0 /* CoreGraphics.framework */,
				38427BE219C606B9005333C0 /* UIKit.framework */,
				38427C0319C606B9005333C0 /* XCTest.framework */,
			);
			name = Frameworks;
			sourceTree = "<group>";
		};
		38427BE419C606B9005333C0 /* RecipeBook */ = {
			isa = PBXGroup;
			children = (
				38427BED19C606B9005333C0 /* RecipeAppDelegate.h */,
				38427BEE19C606B9005333C0 /* RecipeAppDelegate.m */,
				38427BF019C606B9005333C0 /* Main_iPhone.storyboard */,
				38427BF319C606B9005333C0 /* Main_iPad.storyboard */,
				38427BF619C606B9005333C0 /* RecipeMasterViewController.h */,
				38427BF719C606B9005333C0 /* RecipeMasterViewController.m */,
				38427BF919C606B9005333C0 /* RecipeDetailViewController.h */,
				38427BFA19C606B9005333C0 /* RecipeDetailViewController.m */,
				38427BFC19C606B9005333C0 /* Images.xcassets */,
				38427BE519C606B9005333C0 /* Supporting Files */,
				38427C1919C606F0005333C0 /* Recipe.h */,
				38427C1A19C606F0005333C0 /* Recipe.m */,
			);
			path = RecipeBook;
			sourceTree = "<group>";
		};
		38427BE519C606B9005333C0 /* Supporting Files */ = {
			isa = PBXGroup;
			children = (
				38427C4219C6D634005333C0 /* photo1.png */,
				38427C1C19C607B3005333C0 /* angry_birds_cake.jpg */,
				38427C1D19C607B3005333C0 /* creme_brelee.jpg */,
				38427C1E19C607B3005333C0 /* egg_benedict.jpg */,
				38427C1F19C607B4005333C0 /* full_breakfast.jpg */,
				38427C2019C607B4005333C0 /* green_tea.jpg */,
				38427C2119C607B4005333C0 /* ham_and_cheese_panini.jpg */,
				38427C2219C607B4005333C0 /* ham_and_egg_sandwich.jpg */,
				38427C2319C607B4005333C0 /* hamburger.jpg */,
				38427C2419C607B4005333C0 /* instant_noodle_with_egg.jpg */,
				38427C2519C607B4005333C0 /* japanese_noodle_with_pork.jpg */,
				38427C2619C607B4005333C0 /* mushroom_risotto.jpg */,
				38427C2719C607B4005333C0 /* noodle_with_bbq_pork.jpg */,
				38427C2819C607B4005333C0 /* photo-frame.png */,
				38427C2919C607B4005333C0 /* photo-frame@2x.png */,
				38427C2A19C607B4005333C0 /* starbucks_coffee.jpg */,
				38427C2B19C607B4005333C0 /* thai_shrimp_cake.jpg */,
				38427C2C19C607B4005333C0 /* vegetable_curry.jpg */,
				38427C2D19C607B4005333C0 /* white_chocolate_donut.jpg */,
				38427BE619C606B9005333C0 /* RecipeBook-Info.plist */,
				38427BE719C606B9005333C0 /* InfoPlist.strings */,
				38427BEA19C606B9005333C0 /* main.m */,
				38427BEC19C606B9005333C0 /* RecipeBook-Prefix.pch */,
			);
			name = "Supporting Files";
			sourceTree = "<group>";
		};
		38427C0919C606B9005333C0 /* RecipeBookTests */ = {
			isa = PBXGroup;
			children = (
				38427C0F19C606B9005333C0 /* RecipeBookTests.m */,
				38427C0A19C606B9005333C0 /* Supporting Files */,
			);
			path = RecipeBookTests;
			sourceTree = "<group>";
		};
		38427C0A19C606B9005333C0 /* Supporting Files */ = {
			isa = PBXGroup;
			children = (
				38427C0B19C606B9005333C0 /* RecipeBookTests-Info.plist */,
				38427C0C19C606B9005333C0 /* InfoPlist.strings */,
			);
			name = "Supporting Files";
			sourceTree = "<group>";
		};
/* End PBXGroup section */

/* Begin PBXNativeTarget section */
		38427BDA19C606B9005333C0 /* RecipeBook */ = {
			isa = PBXNativeTarget;
			buildConfigurationList = 38427C1319C606B9005333C0 /* Build configuration list for PBXNativeTarget "RecipeBook" */;
			buildPhases = (
				38427BD719C606B9005333C0 /* Sources */,
				38427BD819C606B9005333C0 /* Frameworks */,
				38427BD919C606B9005333C0 /* Resources */,
			);
			buildRules = (
			);
			dependencies = (
			);
			name = RecipeBook;
			productName = RecipeBook;
			productReference = 38427BDB19C606B9005333C0 /* RecipeBook.app */;
			productType = "com.apple.product-type.application";
		};
		38427C0119C606B9005333C0 /* RecipeBookTests */ = {
			isa = PBXNativeTarget;
			buildConfigurationList = 38427C1619C606B9005333C0 /* Build configuration list for PBXNativeTarget "RecipeBookTests" */;
			buildPhases = (
				38427BFE19C606B9005333C0 /* Sources */,
				38427BFF19C606B9005333C0 /* Frameworks */,
				38427C0019C606B9005333C0 /* Resources */,
			);
			buildRules = (
			);
			dependencies = (
				38427C0819C606B9005333C0 /* PBXTargetDependency */,
			);
			name = RecipeBookTests;
			productName = RecipeBookTests;
			productReference = 38427C0219C606B9005333C0 /* RecipeBookTests.xctest */;
			productType = "com.apple.product-type.bundle.unit-test";
		};
/* End PBXNativeTarget section */

/* Begin PBXProject section */
		38427BD319C606B9005333C0 /* Project object */ = {
			isa = PBXProject;
			attributes = {
				CLASSPREFIX = Recipe;
				LastUpgradeCheck = 0510;
				ORGANIZATIONNAME = "Sekthakarn-Phanhiran";
				TargetAttributes = {
					38427C0119C606B9005333C0 = {
						TestTargetID = 38427BDA19C606B9005333C0;
					};
				};
			};
			buildConfigurationList = 38427BD619C606B9005333C0 /* Build configuration list for PBXProject "RecipeBook" */;
			compatibilityVersion = "Xcode 3.2";
			developmentRegion = English;
			hasScannedForEncodings = 0;
			knownRegions = (
				en,
				Base,
			);
			mainGroup = 38427BD219C606B9005333C0;
			productRefGroup = 38427BDC19C606B9005333C0 /* Products */;
			projectDirPath = "";
			projectRoot = "";
			targets = (
				38427BDA19C606B9005333C0 /* RecipeBook */,
				38427C0119C606B9005333C0 /* RecipeBookTests */,
			);
		};
/* End PBXProject section */

/* Begin PBXResourcesBuildPhase section */
		38427BD919C606B9005333C0 /* Resources */ = {
			isa = PBXResourcesBuildPhase;
			buildActionMask = 2147483647;
			files = (
				38427C3E19C607B4005333C0 /* vegetable_curry.jpg in Resources */,
				38427C3C19C607B4005333C0 /* starbucks_coffee.jpg in Resources */,
				38427C3619C607B4005333C0 /* instant_noodle_with_egg.jpg in Resources */,
				38427C3319C607B4005333C0 /* ham_and_cheese_panini.jpg in Resources */,
				38427C3919C607B4005333C0 /* noodle_with_bbq_pork.jpg in Resources */,
				38427C3519C607B4005333C0 /* hamburger.jpg in Resources */,
				38427C2E19C607B4005333C0 /* angry_birds_cake.jpg in Resources */,
				38427BF519C606B9005333C0 /* Main_iPad.storyboard in Resources */,
				38427C3419C607B4005333C0 /* ham_and_egg_sandwich.jpg in Resources */,
				38427BFD19C606B9005333C0 /* Images.xcassets in Resources */,
				38427C3819C607B4005333C0 /* mushroom_risotto.jpg in Resources */,
				38427C3B19C607B4005333C0 /* photo-frame@2x.png in Resources */,
				38427BF219C606B9005333C0 /* Main_iPhone.storyboard in Resources */,
				38427C4319C6D634005333C0 /* photo1.png in Resources */,
				38427C3A19C607B4005333C0 /* photo-frame.png in Resources */,
				38427BE919C606B9005333C0 /* InfoPlist.strings in Resources */,
				38427C3019C607B4005333C0 /* egg_benedict.jpg in Resources */,
				38427C3219C607B4005333C0 /* green_tea.jpg in Resources */,
				38427C3119C607B4005333C0 /* full_breakfast.jpg in Resources */,
				38427C2F19C607B4005333C0 /* creme_brelee.jpg in Resources */,
				38427C3F19C607B4005333C0 /* white_chocolate_donut.jpg in Resources */,
				38427C3D19C607B4005333C0 /* thai_shrimp_cake.jpg in Resources */,
				38427C3719C607B4005333C0 /* japanese_noodle_with_pork.jpg in Resources */,
			);
			runOnlyForDeploymentPostprocessing = 0;
		};
		38427C0019C606B9005333C0 /* Resources */ = {
			isa = PBXResourcesBuildPhase;
			buildActionMask = 2147483647;
			files = (
				38427C0E19C606B9005333C0 /* InfoPlist.strings in Resources */,
			);
			runOnlyForDeploymentPostprocessing = 0;
		};
/* End PBXResourcesBuildPhase section */

/* Begin PBXSourcesBuildPhase section */
		38427BD719C606B9005333C0 /* Sources */ = {
			isa = PBXSourcesBuildPhase;
			buildActionMask = 2147483647;
			files = (
				38427BEF19C606B9005333C0 /* RecipeAppDelegate.m in Sources */,
				38427C1B19C606F0005333C0 /* Recipe.m in Sources */,
				38427BFB19C606B9005333C0 /* RecipeDetailViewController.m in Sources */,
				38427BEB19C606B9005333C0 /* main.m in Sources */,
				38427BF819C606B9005333C0 /* RecipeMasterViewController.m in Sources */,
			);
			runOnlyForDeploymentPostprocessing = 0;
		};
		38427BFE19C606B9005333C0 /* Sources */ = {
			isa = PBXSourcesBuildPhase;
			buildActionMask = 2147483647;
			files = (
				38427C1019C606B9005333C0 /* RecipeBookTests.m in Sources */,
			);
			runOnlyForDeploymentPostprocessing = 0;
		};
/* End PBXSourcesBuildPhase section */

/* Begin PBXTargetDependency section */
		38427C0819C606B9005333C0 /* PBXTargetDependency */ = {
			isa = PBXTargetDependency;
			target = 38427BDA19C606B9005333C0 /* RecipeBook */;
			targetProxy = 38427C0719C606B9005333C0 /* PBXContainerItemProxy */;
		};
/* End PBXTargetDependency section */

/* Begin PBXVariantGroup section */
		38427BE719C606B9005333C0 /* InfoPlist.strings */ = {
			isa = PBXVariantGroup;
			children = (
				38427BE819C606B9005333C0 /* en */,
			);
			name = InfoPlist.strings;
			sourceTree = "<group>";
		};
		38427BF019C606B9005333C0 /* Main_iPhone.storyboard */ = {
			isa = PBXVariantGroup;
			children = (
				38427BF119C606B9005333C0 /* Base */,
			);
			name = Main_iPhone.storyboard;
			sourceTree = "<group>";
		};
		38427BF319C606B9005333C0 /* Main_iPad.storyboard */ = {
			isa = PBXVariantGroup;
			children = (
				38427BF419C606B9005333C0 /* Base */,
			);
			name = Main_iPad.storyboard;
			sourceTree = "<group>";
		};
		38427C0C19C606B9005333C0 /* InfoPlist.strings */ = {
			isa = PBXVariantGroup;
			children = (
				38427C0D19C606B9005333C0 /* en */,
			);
			name = InfoPlist.strings;
			sourceTree = "<group>";
		};
/* End PBXVariantGroup section */

/* Begin XCBuildConfiguration section */
		38427C1119C606B9005333C0 /* Debug */ = {
			isa = XCBuildConfiguration;
			buildSettings = {
				ALWAYS_SEARCH_USER_PATHS = NO;
				CLANG_CXX_LANGUAGE_STANDARD = "gnu++0x";
				CLANG_CXX_LIBRARY = "libc++";
				CLANG_ENABLE_MODULES = YES;
				CLANG_ENABLE_OBJC_ARC = YES;
				CLANG_WARN_BOOL_CONVERSION = YES;
				CLANG_WARN_CONSTANT_CONVERSION = YES;
				CLANG_WARN_DIRECT_OBJC_ISA_USAGE = YES_ERROR;
				CLANG_WARN_EMPTY_BODY = YES;
				CLANG_WARN_ENUM_CONVERSION = YES;
				CLANG_WARN_INT_CONVERSION = YES;
				CLANG_WARN_OBJC_ROOT_CLASS = YES_ERROR;
				CLANG_WARN__DUPLICATE_METHOD_MATCH = YES;
				"CODE_SIGN_IDENTITY[sdk=iphoneos*]" = "iPhone Developer";
				COPY_PHASE_STRIP = NO;
				GCC_C_LANGUAGE_STANDARD = gnu99;
				GCC_DYNAMIC_NO_PIC = NO;
				GCC_OPTIMIZATION_LEVEL = 0;
				GCC_PREPROCESSOR_DEFINITIONS = (
					"DEBUG=1",
					"$(inherited)",
				);
				GCC_SYMBOLS_PRIVATE_EXTERN = NO;
				GCC_WARN_64_TO_32_BIT_CONVERSION = YES;
				GCC_WARN_ABOUT_RETURN_TYPE = YES_ERROR;
				GCC_WARN_UNDECLARED_SELECTOR = YES;
				GCC_WARN_UNINITIALIZED_AUTOS = YES_AGGRESSIVE;
				GCC_WARN_UNUSED_FUNCTION = YES;
				GCC_WARN_UNUSED_VARIABLE = YES;
				IPHONEOS_DEPLOYMENT_TARGET = 7.1;
				ONLY_ACTIVE_ARCH = YES;
				SDKROOT = iphoneos;
				TARGETED_DEVICE_FAMILY = "1,2";
			};
			name = Debug;
		};
		38427C1219C606B9005333C0 /* Release */ = {
			isa = XCBuildConfiguration;
			buildSettings = {
				ALWAYS_SEARCH_USER_PATHS = NO;
				CLANG_CXX_LANGUAGE_STANDARD = "gnu++0x";
				CLANG_CXX_LIBRARY = "libc++";
				CLANG_ENABLE_MODULES = YES;
				CLANG_ENABLE_OBJC_ARC = YES;
				CLANG_WARN_BOOL_CONVERSION = YES;
				CLANG_WARN_CONSTANT_CONVERSION = YES;
				CLANG_WARN_DIRECT_OBJC_ISA_USAGE = YES_ERROR;
				CLANG_WARN_EMPTY_BODY = YES;
				CLANG_WARN_ENUM_CONVERSION = YES;
				CLANG_WARN_INT_CONVERSION = YES;
				CLANG_WARN_OBJC_ROOT_CLASS = YES_ERROR;
				CLANG_WARN__DUPLICATE_METHOD_MATCH = YES;
				"CODE_SIGN_IDENTITY[sdk=iphoneos*]" = "iPhone Developer";
				COPY_PHASE_STRIP = YES;
				ENABLE_NS_ASSERTIONS = NO;
				GCC_C_LANGUAGE_STANDARD = gnu99;
				GCC_WARN_64_TO_32_BIT_CONVERSION = YES;
				GCC_WARN_ABOUT_RETURN_TYPE = YES_ERROR;
				GCC_WARN_UNDECLARED_SELECTOR = YES;
				GCC_WARN_UNINITIALIZED_AUTOS = YES_AGGRESSIVE;
				GCC_WARN_UNUSED_FUNCTION = YES;
				GCC_WARN_UNUSED_VARIABLE = YES;
				IPHONEOS_DEPLOYMENT_TARGET = 7.1;
				SDKROOT = iphoneos;
				TARGETED_DEVICE_FAMILY = "1,2";
				VALIDATE_PRODUCT = YES;
			};
			name = Release;
		};
		38427C1419C606B9005333C0 /* Debug */ = {
			isa = XCBuildConfiguration;
			buildSettings = {
				ASSETCATALOG_COMPILER_APPICON_NAME = AppIcon;
				GCC_PRECOMPILE_PREFIX_HEADER = YES;
				GCC_PREFIX_HEADER = "RecipeBook/RecipeBook-Prefix.pch";
				INFOPLIST_FILE = "RecipeBook/RecipeBook-Info.plist";
				PRODUCT_NAME = "$(TARGET_NAME)";
				WRAPPER_EXTENSION = app;
			};
			name = Debug;
		};
		38427C1519C606B9005333C0 /* Release */ = {
			isa = XCBuildConfiguration;
			buildSettings = {
				ASSETCATALOG_COMPILER_APPICON_NAME = AppIcon;
				GCC_PRECOMPILE_PREFIX_HEADER = YES;
				GCC_PREFIX_HEADER = "RecipeBook/RecipeBook-Prefix.pch";
				INFOPLIST_FILE = "RecipeBook/RecipeBook-Info.plist";
				PRODUCT_NAME = "$(TARGET_NAME)";
				WRAPPER_EXTENSION = app;
			};
			name = Release;
		};
		38427C1719C606B9005333C0 /* Debug */ = {
			isa = XCBuildConfiguration;
			buildSettings = {
				BUNDLE_LOADER = "$(BUILT_PRODUCTS_DIR)/RecipeBook.app/RecipeBook";
				FRAMEWORK_SEARCH_PATHS = (
					"$(SDKROOT)/Developer/Library/Frameworks",
					"$(inherited)",
					"$(DEVELOPER_FRAMEWORKS_DIR)",
				);
				GCC_PRECOMPILE_PREFIX_HEADER = YES;
				GCC_PREFIX_HEADER = "RecipeBook/RecipeBook-Prefix.pch";
				GCC_PREPROCESSOR_DEFINITIONS = (
					"DEBUG=1",
					"$(inherited)",
				);
				INFOPLIST_FILE = "RecipeBookTests/RecipeBookTests-Info.plist";
				PRODUCT_NAME = "$(TARGET_NAME)";
				TEST_HOST = "$(BUNDLE_LOADER)";
				WRAPPER_EXTENSION = xctest;
			};
			name = Debug;
		};
		38427C1819C606B9005333C0 /* Release */ = {
			isa = XCBuildConfiguration;
			buildSettings = {
				BUNDLE_LOADER = "$(BUILT_PRODUCTS_DIR)/RecipeBook.app/RecipeBook";
				FRAMEWORK_SEARCH_PATHS = (
					"$(SDKROOT)/Developer/Library/Frameworks",
					"$(inherited)",
					"$(DEVELOPER_FRAMEWORKS_DIR)",
				);
				GCC_PRECOMPILE_PREFIX_HEADER = YES;
				GCC_PREFIX_HEADER = "RecipeBook/RecipeBook-Prefix.pch";
				INFOPLIST_FILE = "RecipeBookTests/RecipeBookTests-Info.plist";
				PRODUCT_NAME = "$(TARGET_NAME)";
				TEST_HOST = "$(BUNDLE_LOADER)";
				WRAPPER_EXTENSION = xctest;
			};
			name = Release;
		};
/* End XCBuildConfiguration section */

/* Begin XCConfigurationList section */
		38427BD619C606B9005333C0 /* Build configuration list for PBXProject "RecipeBook" */ = {
			isa = XCConfigurationList;
			buildConfigurations = (
				38427C1119C606B9005333C0 /* Debug */,
				38427C1219C606B9005333C0 /* Release */,
			);
			defaultConfigurationIsVisible = 0;
			defaultConfigurationName = Release;
		};
		38427C1319C606B9005333C0 /* Build configuration list for PBXNativeTarget "RecipeBook" */ = {
			isa = XCConfigurationList;
			buildConfigurations = (
				38427C1419C606B9005333C0 /* Debug */,
				38427C1519C606B9005333C0 /* Release */,
			);
			defaultConfigurationIsVisible = 0;
		};
		38427C1619C606B9005333C0 /* Build configuration list for PBXNativeTarget "RecipeBookTests" */ = {
			isa = XCConfigurationList;
			buildConfigurations = (
				38427C1719C606B9005333C0 /* Debug */,
				38427C1819C606B9005333C0 /* Release */,
			);
			defaultConfigurationIsVisible = 0;
		};
/* End XCConfigurationList section */
	};
	rootObject = 38427BD319C606B9005333C0 /* Project object */;
}
